
Microsoft Visual Studio Solution File, Format Version 12.00
# Visual Studio Version 17
VisualStudioVersion = 17.10.35013.160
MinimumVisualStudioVersion = 10.0.40219.1
Project("{FAE04EC0-301F-11D3-BF4B-00C04F79EFBC}") = "LocalizationFilesManager", "LocalizationFilesManager\LocalizationFilesManager.csproj", "{2BF023C0-EEF2-4835-A4A0-635F30C5FCDA}"
EndProject
Global
	GlobalSection(SolutionConfigurationPlatforms) = preSolution
		Debug|Any CPU = Debug|Any CPU
		Release|Any CPU = Release|Any CPU
	EndGlobalSection
	GlobalSection(ProjectConfigurationPlatforms) = postSolution
		{2BF023C0-EEF2-4835-A4A0-635F30C5FCDA}.Debug|Any CPU.ActiveCfg = Debug|Any CPU
		{2BF023C0-EEF2-4835-A4A0-635F30C5FCDA}.Debug|Any CPU.Build.0 = Debug|Any CPU
		{2BF023C0-EEF2-4835-A4A0-635F30C5FCDA}.Release|Any CPU.ActiveCfg = Release|Any CPU
		{2BF023C0-EEF2-4835-A4A0-635F30C5FCDA}.Release|Any CPU.Build.0 = Release|Any CPU
	EndGlobalSection
	GlobalSection(SolutionProperties) = preSolution
		HideSolutionNode = FALSE
	EndGlobalSection
	GlobalSection(ExtensibilityGlobals) = postSolution
		SolutionGuid = {D7430A8D-9588-4502-97EB-4DED2B07CA35}
	EndGlobalSection
EndGlobal
